// !$*UTF8*$!
{
	archiveVersion = 1;
	classes = {
	};
	objectVersion = 60;
	objects = {

/* Begin PBXBuildFile section */
		6A0001010000000000000001 /* CunxunNativeApp.swift in Sources */ = {isa = PBXBuildFile; fileRef = 6A0000010000000000000001 /* CunxunNativeApp.swift */; };
		6A0001020000000000000001 /* AppRootView.swift in Sources */ = {isa = PBXBuildFile; fileRef = 6A0000020000000000000001 /* AppRootView.swift */; };
		6A0001030000000000000001 /* VisitorHomeView.swift in Sources */ = {isa = PBXBuildFile; fileRef = 6A0000030000000000000001 /* VisitorHomeView.swift */; };
		6A0001040000000000000001 /* OwnerPlaceholderView.swift in Sources */ = {isa = PBXBuildFile; fileRef = 6A0000040000000000000001 /* OwnerPlaceholderView.swift */; };
		6A0001050000000000000001 /* OpsPlaceholderView.swift in Sources */ = {isa = PBXBuildFile; fileRef = 6A0000050000000000000001 /* OpsPlaceholderView.swift */; };
		6A0001060000000000000001 /* CunxunNativeTests.swift in Sources */ = {isa = PBXBuildFile; fileRef = 6A0000060000000000000001 /* CunxunNativeTests.swift */; };
		6A0001070000000000000001 /* XCTest.framework in Frameworks */ = {isa = PBXBuildFile; fileRef = 6A0000070000000000000001 /* XCTest.framework */; };
		6A0001080000000000000001 /* ShopProfileTests.swift in Sources */ = {isa = PBXBuildFile; fileRef = 6A0000110000000000000001 /* ShopProfileTests.swift */; };
		6A0001090000000000000001 /* ShopProfile.swift in Sources */ = {isa = PBXBuildFile; fileRef = 6A0000120000000000000001 /* ShopProfile.swift */; };
		6A00010A0000000000000001 /* SeedShops.swift in Sources */ = {isa = PBXBuildFile; fileRef = 6A0000130000000000000001 /* SeedShops.swift */; };
		6A00010B0000000000000001 /* CunxunAPIClientTests.swift in Sources */ = {isa = PBXBuildFile; fileRef = 6A0000140000000000000001 /* CunxunAPIClientTests.swift */; };
		6A00010C0000000000000001 /* APIConfiguration.swift in Sources */ = {isa = PBXBuildFile; fileRef = 6A0000150000000000000001 /* APIConfiguration.swift */; };
		6A00010D0000000000000001 /* CunxunAPIClient.swift in Sources */ = {isa = PBXBuildFile; fileRef = 6A0000160000000000000001 /* CunxunAPIClient.swift */; };
		6A00010E0000000000000001 /* ChatModels.swift in Sources */ = {isa = PBXBuildFile; fileRef = 6A0000170000000000000001 /* ChatModels.swift */; };
		6A00010F0000000000000001 /* VisitorHomeViewModelTests.swift in Sources */ = {isa = PBXBuildFile; fileRef = 6A0000180000000000000001 /* VisitorHomeViewModelTests.swift */; };
		6A0001100000000000000001 /* VisitorHomeViewModel.swift in Sources */ = {isa = PBXBuildFile; fileRef = 6A0000190000000000000001 /* VisitorHomeViewModel.swift */; };
		6A0001110000000000000001 /* CunxunTheme.swift in Sources */ = {isa = PBXBuildFile; fileRef = 6A00001A0000000000000001 /* CunxunTheme.swift */; };
		6A0001120000000000000001 /* IllustratedVillageMapView.swift in Sources */ = {isa = PBXBuildFile; fileRef = 6A00001B0000000000000001 /* IllustratedVillageMapView.swift */; };
		6A0001130000000000000001 /* ShopPreviewCard.swift in Sources */ = {isa = PBXBuildFile; fileRef = 6A00001C0000000000000001 /* ShopPreviewCard.swift */; };
		6A0001140000000000000001 /* ShopDetailView.swift in Sources */ = {isa = PBXBuildFile; fileRef = 6A00001D0000000000000001 /* ShopDetailView.swift */; };
		6A0001150000000000000001 /* ShopTwinChatViewModel.swift in Sources */ = {isa = PBXBuildFile; fileRef = 6A00001E0000000000000001 /* ShopTwinChatViewModel.swift */; };
		6A0001160000000000000001 /* ShopTwinChatView.swift in Sources */ = {isa = PBXBuildFile; fileRef = 6A00001F0000000000000001 /* ShopTwinChatView.swift */; };
/* End PBXBuildFile section */

/* Begin PBXContainerItemProxy section */
		6A0002010000000000000001 /* PBXContainerItemProxy */ = {
			isa = PBXContainerItemProxy;
			containerPortal = 6A0003010000000000000001 /* Project object */;
			proxyType = 1;
			remoteGlobalIDString = 6A0004010000000000000001;
			remoteInfo = CunxunNative;
		};
/* End PBXContainerItemProxy section */

/* Begin PBXFileReference section */
		6A0000010000000000000001 /* CunxunNativeApp.swift */ = {isa = PBXFileReference; lastKnownFileType = sourcecode.swift; path = CunxunNativeApp.swift; sourceTree = "<group>"; };
		6A0000020000000000000001 /* AppRootView.swift */ = {isa = PBXFileReference; lastKnownFileType = sourcecode.swift; path = AppRootView.swift; sourceTree = "<group>"; };
		6A0000030000000000000001 /* VisitorHomeView.swift */ = {isa = PBXFileReference; lastKnownFileType = sourcecode.swift; path = VisitorHomeView.swift; sourceTree = "<group>"; };
		6A0000040000000000000001 /* OwnerPlaceholderView.swift */ = {isa = PBXFileReference; lastKnownFileType = sourcecode.swift; path = OwnerPlaceholderView.swift; sourceTree = "<group>"; };
		6A0000050000000000000001 /* OpsPlaceholderView.swift */ = {isa = PBXFileReference; lastKnownFileType = sourcecode.swift; path = OpsPlaceholderView.swift; sourceTree = "<group>"; };
		6A0000060000000000000001 /* CunxunNativeTests.swift */ = {isa = PBXFileReference; lastKnownFileType = sourcecode.swift; path = CunxunNativeTests.swift; sourceTree = "<group>"; };
		6A0000070000000000000001 /* XCTest.framework */ = {isa = PBXFileReference; lastKnownFileType = wrapper.framework; name = XCTest.framework; path = System/Library/Frameworks/XCTest.framework; sourceTree = SDKROOT; };
		6A0000080000000000000001 /* Info.plist */ = {isa = PBXFileReference; lastKnownFileType = text.plist.xml; path = Info.plist; sourceTree = "<group>"; };
		6A0000090000000000000001 /* CunxunNative.app */ = {isa = PBXFileReference; explicitFileType = wrapper.application; includeInIndex = 0; path = CunxunNative.app; sourceTree = BUILT_PRODUCTS_DIR; };
		6A0000100000000000000001 /* CunxunNativeTests.xctest */ = {isa = PBXFileReference; explicitFileType = wrapper.cfbundle; includeInIndex = 0; path = CunxunNativeTests.xctest; sourceTree = BUILT_PRODUCTS_DIR; };
		6A0000110000000000000001 /* ShopProfileTests.swift */ = {isa = PBXFileReference; lastKnownFileType = sourcecode.swift; path = ShopProfileTests.swift; sourceTree = "<group>"; };
		6A0000120000000000000001 /* ShopProfile.swift */ = {isa = PBXFileReference; lastKnownFileType = sourcecode.swift; path = ShopProfile.swift; sourceTree = "<group>"; };
		6A0000130000000000000001 /* SeedShops.swift */ = {isa = PBXFileReference; lastKnownFileType = sourcecode.swift; path = SeedShops.swift; sourceTree = "<group>"; };
		6A0000140000000000000001 /* CunxunAPIClientTests.swift */ = {isa = PBXFileReference; lastKnownFileType = sourcecode.swift; path = CunxunAPIClientTests.swift; sourceTree = "<group>"; };
		6A0000150000000000000001 /* APIConfiguration.swift */ = {isa = PBXFileReference; lastKnownFileType = sourcecode.swift; path = APIConfiguration.swift; sourceTree = "<group>"; };
		6A0000160000000000000001 /* CunxunAPIClient.swift */ = {isa = PBXFileReference; lastKnownFileType = sourcecode.swift; path = CunxunAPIClient.swift; sourceTree = "<group>"; };
		6A0000170000000000000001 /* ChatModels.swift */ = {isa = PBXFileReference; lastKnownFileType = sourcecode.swift; path = ChatModels.swift; sourceTree = "<group>"; };
		6A0000180000000000000001 /* VisitorHomeViewModelTests.swift */ = {isa = PBXFileReference; lastKnownFileType = sourcecode.swift; path = VisitorHomeViewModelTests.swift; sourceTree = "<group>"; };
		6A0000190000000000000001 /* VisitorHomeViewModel.swift */ = {isa = PBXFileReference; lastKnownFileType = sourcecode.swift; path = VisitorHomeViewModel.swift; sourceTree = "<group>"; };
		6A00001A0000000000000001 /* CunxunTheme.swift */ = {isa = PBXFileReference; lastKnownFileType = sourcecode.swift; path = CunxunTheme.swift; sourceTree = "<group>"; };
		6A00001B0000000000000001 /* IllustratedVillageMapView.swift */ = {isa = PBXFileReference; lastKnownFileType = sourcecode.swift; path = IllustratedVillageMapView.swift; sourceTree = "<group>"; };
		6A00001C0000000000000001 /* ShopPreviewCard.swift */ = {isa = PBXFileReference; lastKnownFileType = sourcecode.swift; path = ShopPreviewCard.swift; sourceTree = "<group>"; };
		6A00001D0000000000000001 /* ShopDetailView.swift */ = {isa = PBXFileReference; lastKnownFileType = sourcecode.swift; path = ShopDetailView.swift; sourceTree = "<group>"; };
		6A00001E0000000000000001 /* ShopTwinChatViewModel.swift */ = {isa = PBXFileReference; lastKnownFileType = sourcecode.swift; path = ShopTwinChatViewModel.swift; sourceTree = "<group>"; };
		6A00001F0000000000000001 /* ShopTwinChatView.swift */ = {isa = PBXFileReference; lastKnownFileType = sourcecode.swift; path = ShopTwinChatView.swift; sourceTree = "<group>"; };
/* End PBXFileReference section */

/* Begin PBXFrameworksBuildPhase section */
		6A0005010000000000000001 /* Frameworks */ = {
			isa = PBXFrameworksBuildPhase;
			buildActionMask = 2147483647;
			files = (
			);
			runOnlyForDeploymentPostprocessing = 0;
		};
		6A0005020000000000000001 /* Frameworks */ = {
			isa = PBXFrameworksBuildPhase;
			buildActionMask = 2147483647;
			files = (
				6A0001070000000000000001 /* XCTest.framework in Frameworks */,
			);
			runOnlyForDeploymentPostprocessing = 0;
		};
/* End PBXFrameworksBuildPhase section */

/* Begin PBXGroup section */
		6A0006010000000000000001 = {
			isa = PBXGroup;
			children = (
				6A0006020000000000000001 /* CunxunNative */,
				6A0006030000000000000001 /* CunxunNativeTests */,
				6A0006040000000000000001 /* Frameworks */,
				6A0006050000000000000001 /* Products */,
			);
			sourceTree = "<group>";
		};
		6A0006020000000000000001 /* CunxunNative */ = {
			isa = PBXGroup;
			children = (
				6A0000010000000000000001 /* CunxunNativeApp.swift */,
				6A0000080000000000000001 /* Info.plist */,
				6A0006060000000000000001 /* App */,
				6A00060A0000000000000001 /* Core */,
				6A00060F0000000000000001 /* DesignSystem */,
				6A0006070000000000000001 /* Features */,
			);
			path = CunxunNative;
			sourceTree = "<group>";
		};
		6A0006030000000000000001 /* CunxunNativeTests */ = {
			isa = PBXGroup;
			children = (
				6A0000060000000000000001 /* CunxunNativeTests.swift */,
				6A0000110000000000000001 /* ShopProfileTests.swift */,
				6A0000140000000000000001 /* CunxunAPIClientTests.swift */,
				6A0000180000000000000001 /* VisitorHomeViewModelTests.swift */,
			);
			path = CunxunNativeTests;
			sourceTree = "<group>";
		};
		6A0006040000000000000001 /* Frameworks */ = {
			isa = PBXGroup;
			children = (
				6A0000070000000000000001 /* XCTest.framework */,
			);
			name = Frameworks;
			sourceTree = "<group>";
		};
		6A0006050000000000000001 /* Products */ = {
			isa = PBXGroup;
			children = (
				6A0000090000000000000001 /* CunxunNative.app */,
				6A0000100000000000000001 /* CunxunNativeTests.xctest */,
			);
			name = Products;
			sourceTree = "<group>";
		};
		6A0006060000000000000001 /* App */ = {
			isa = PBXGroup;
			children = (
				6A0000020000000000000001 /* AppRootView.swift */,
			);
			path = App;
			sourceTree = "<group>";
		};
		6A0006070000000000000001 /* Features */ = {
			isa = PBXGroup;
			children = (
				6A00060E0000000000000001 /* Visitor */,
				6A0006080000000000000001 /* Owner */,
				6A0006090000000000000001 /* Ops */,
			);
			path = Features;
			sourceTree = "<group>";
		};
		6A0006080000000000000001 /* Owner */ = {
			isa = PBXGroup;
			children = (
				6A0000040000000000000001 /* OwnerPlaceholderView.swift */,
			);
			path = Owner;
			sourceTree = "<group>";
		};
		6A0006090000000000000001 /* Ops */ = {
			isa = PBXGroup;
			children = (
				6A0000050000000000000001 /* OpsPlaceholderView.swift */,
			);
			path = Ops;
			sourceTree = "<group>";
		};
		6A00060E0000000000000001 /* Visitor */ = {
			isa = PBXGroup;
			children = (
				6A0000030000000000000001 /* VisitorHomeView.swift */,
				6A0000190000000000000001 /* VisitorHomeViewModel.swift */,
				6A00001B0000000000000001 /* IllustratedVillageMapView.swift */,
				6A00001C0000000000000001 /* ShopPreviewCard.swift */,
				6A00001D0000000000000001 /* ShopDetailView.swift */,
				6A00001E0000000000000001 /* ShopTwinChatViewModel.swift */,
				6A00001F0000000000000001 /* ShopTwinChatView.swift */,
			);
			path = Visitor;
			sourceTree = "<group>";
		};
		6A00060F0000000000000001 /* DesignSystem */ = {
			isa = PBXGroup;
			children = (
				6A00001A0000000000000001 /* CunxunTheme.swift */,
			);
			path = DesignSystem;
			sourceTree = "<group>";
		};
		6A00060A0000000000000001 /* Core */ = {
			isa = PBXGroup;
			children = (
				6A00060D0000000000000001 /* API */,
				6A00060B0000000000000001 /* Models */,
				6A00060C0000000000000001 /* Fixtures */,
			);
			path = Core;
			sourceTree = "<group>";
		};
		6A00060D0000000000000001 /* API */ = {
			isa = PBXGroup;
			children = (
				6A0000150000000000000001 /* APIConfiguration.swift */,
				6A0000160000000000000001 /* CunxunAPIClient.swift */,
			);
			path = API;
			sourceTree = "<group>";
		};
		6A00060B0000000000000001 /* Models */ = {
			isa = PBXGroup;
			children = (
				6A0000120000000000000001 /* ShopProfile.swift */,
				6A0000170000000000000001 /* ChatModels.swift */,
			);
			path = Models;
			sourceTree = "<group>";
		};
		6A00060C0000000000000001 /* Fixtures */ = {
			isa = PBXGroup;
			children = (
				6A0000130000000000000001 /* SeedShops.swift */,
			);
			path = Fixtures;
			sourceTree = "<group>";
		};
/* End PBXGroup section */

/* Begin PBXNativeTarget section */
		6A0004010000000000000001 /* CunxunNative */ = {
			isa = PBXNativeTarget;
			buildConfigurationList = 6A0007010000000000000001 /* Build configuration list for PBXNativeTarget "CunxunNative" */;
			buildPhases = (
				6A0008010000000000000001 /* Sources */,
				6A0005010000000000000001 /* Frameworks */,
				6A0009010000000000000001 /* Resources */,
			);
			buildRules = (
			);
			dependencies = (
			);
			name = CunxunNative;
			productName = CunxunNative;
			productReference = 6A0000090000000000000001 /* CunxunNative.app */;
			productType = "com.apple.product-type.application";
		};
		6A0004020000000000000001 /* CunxunNativeTests */ = {
			isa = PBXNativeTarget;
			buildConfigurationList = 6A0007020000000000000001 /* Build configuration list for PBXNativeTarget "CunxunNativeTests" */;
			buildPhases = (
				6A0008020000000000000001 /* Sources */,
				6A0005020000000000000001 /* Frameworks */,
				6A0009020000000000000001 /* Resources */,
			);
			buildRules = (
			);
			dependencies = (
				6A0002020000000000000001 /* PBXTargetDependency */,
			);
			name = CunxunNativeTests;
			productName = CunxunNativeTests;
			productReference = 6A0000100000000000000001 /* CunxunNativeTests.xctest */;
			productType = "com.apple.product-type.bundle.unit-test";
		};
/* End PBXNativeTarget section */

/* Begin PBXProject section */
		6A0003010000000000000001 /* Project object */ = {
			isa = PBXProject;
			attributes = {
				BuildIndependentTargetsInParallel = 1;
				LastSwiftUpdateCheck = 2650;
				LastUpgradeCheck = 2650;
				TargetAttributes = {
					6A0004010000000000000001 = {
						CreatedOnToolsVersion = 26.5;
					};
					6A0004020000000000000001 = {
						CreatedOnToolsVersion = 26.5;
						TestTargetID = 6A0004010000000000000001;
					};
				};
			};
			buildConfigurationList = 6A0007000000000000000001 /* Build configuration list for PBXProject "CunxunNative" */;
			compatibilityVersion = "Xcode 15.0";
			developmentRegion = en;
			hasScannedForEncodings = 0;
			knownRegions = (
				en,
				Base,
			);
			mainGroup = 6A0006010000000000000001;
			productRefGroup = 6A0006050000000000000001 /* Products */;
			projectDirPath = "";
			projectRoot = "";
			targets = (
				6A0004010000000000000001 /* CunxunNative */,
				6A0004020000000000000001 /* CunxunNativeTests */,
			);
		};
/* End PBXProject section */

/* Begin PBXResourcesBuildPhase section */
		6A0009010000000000000001 /* Resources */ = {
			isa = PBXResourcesBuildPhase;
			buildActionMask = 2147483647;
			files = (
			);
			runOnlyForDeploymentPostprocessing = 0;
		};
		6A0009020000000000000001 /* Resources */ = {
			isa = PBXResourcesBuildPhase;
			buildActionMask = 2147483647;
			files = (
			);
			runOnlyForDeploymentPostprocessing = 0;
		};
/* End PBXResourcesBuildPhase section */

/* Begin PBXSourcesBuildPhase section */
		6A0008010000000000000001 /* Sources */ = {
			isa = PBXSourcesBuildPhase;
			buildActionMask = 2147483647;
			files = (
				6A0001010000000000000001 /* CunxunNativeApp.swift in Sources */,
				6A0001020000000000000001 /* AppRootView.swift in Sources */,
				6A0001030000000000000001 /* VisitorHomeView.swift in Sources */,
				6A0001040000000000000001 /* OwnerPlaceholderView.swift in Sources */,
				6A0001050000000000000001 /* OpsPlaceholderView.swift in Sources */,
				6A0001090000000000000001 /* ShopProfile.swift in Sources */,
				6A00010A0000000000000001 /* SeedShops.swift in Sources */,
				6A00010C0000000000000001 /* APIConfiguration.swift in Sources */,
				6A00010D0000000000000001 /* CunxunAPIClient.swift in Sources */,
				6A00010E0000000000000001 /* ChatModels.swift in Sources */,
				6A0001100000000000000001 /* VisitorHomeViewModel.swift in Sources */,
				6A0001110000000000000001 /* CunxunTheme.swift in Sources */,
				6A0001120000000000000001 /* IllustratedVillageMapView.swift in Sources */,
				6A0001130000000000000001 /* ShopPreviewCard.swift in Sources */,
				6A0001140000000000000001 /* ShopDetailView.swift in Sources */,
				6A0001150000000000000001 /* ShopTwinChatViewModel.swift in Sources */,
				6A0001160000000000000001 /* ShopTwinChatView.swift in Sources */,
			);
			runOnlyForDeploymentPostprocessing = 0;
		};
		6A0008020000000000000001 /* Sources */ = {
			isa = PBXSourcesBuildPhase;
			buildActionMask = 2147483647;
			files = (
				6A0001060000000000000001 /* CunxunNativeTests.swift in Sources */,
				6A0001080000000000000001 /* ShopProfileTests.swift in Sources */,
				6A00010B0000000000000001 /* CunxunAPIClientTests.swift in Sources */,
				6A00010F0000000000000001 /* VisitorHomeViewModelTests.swift in Sources */,
			);
			runOnlyForDeploymentPostprocessing = 0;
		};
/* End PBXSourcesBuildPhase section */

/* Begin PBXTargetDependency section */
		6A0002020000000000000001 /* PBXTargetDependency */ = {
			isa = PBXTargetDependency;
			target = 6A0004010000000000000001 /* CunxunNative */;
			targetProxy = 6A0002010000000000000001 /* PBXContainerItemProxy */;
		};
/* End PBXTargetDependency section */

/* Begin XCBuildConfiguration section */
		6A000A010000000000000001 /* Debug */ = {
			isa = XCBuildConfiguration;
			buildSettings = {
				ALWAYS_SEARCH_USER_PATHS = NO;
				CLANG_ANALYZER_NONNULL = YES;
				CLANG_ANALYZER_NUMBER_OBJECT_CONVERSION = YES_AGGRESSIVE;
				CLANG_CXX_LANGUAGE_STANDARD = "gnu++20";
				CLANG_ENABLE_MODULES = YES;
				CLANG_ENABLE_OBJC_ARC = YES;
				CLANG_WARN_BLOCK_CAPTURE_AUTORELEASING = YES;
				CLANG_WARN_BOOL_CONVERSION = YES;
				CLANG_WARN_COMMA = YES;
				CLANG_WARN_CONSTANT_CONVERSION = YES;
				CLANG_WARN_DEPRECATED_OBJC_IMPLEMENTATIONS = YES;
				CLANG_WARN_DIRECT_OBJC_ISA_USAGE = YES_ERROR;
				CLANG_WARN_DOCUMENTATION_COMMENTS = YES;
				CLANG_WARN_EMPTY_BODY = YES;
				CLANG_WARN_ENUM_CONVERSION = YES;
				CLANG_WARN_INFINITE_RECURSION = YES;
				CLANG_WARN_INT_CONVERSION = YES;
				CLANG_WARN_NON_LITERAL_NULL_CONVERSION = YES;
				CLANG_WARN_OBJC_IMPLICIT_RETAIN_SELF = YES;
				CLANG_WARN_OBJC_LITERAL_CONVERSION = YES;
				CLANG_WARN_OBJC_ROOT_CLASS = YES_ERROR;
				CLANG_WARN_QUOTED_INCLUDE_IN_FRAMEWORK_HEADER = YES;
				CLANG_WARN_RANGE_LOOP_ANALYSIS = YES;
				CLANG_WARN_STRICT_PROTOTYPES = YES;
				CLANG_WARN_SUSPICIOUS_MOVE = YES;
				CLANG_WARN_UNGUARDED_AVAILABILITY = YES_AGGRESSIVE;
				CLANG_WARN_UNREACHABLE_CODE = YES;
				COPY_PHASE_STRIP = NO;
				DEBUG_INFORMATION_FORMAT = dwarf;
				ENABLE_STRICT_OBJC_MSGSEND = YES;
				ENABLE_TESTABILITY = YES;
				ENABLE_USER_SCRIPT_SANDBOXING = YES;
				GCC_C_LANGUAGE_STANDARD = gnu17;
				GCC_DYNAMIC_NO_PIC = NO;
				GCC_NO_COMMON_BLOCKS = YES;
				GCC_OPTIMIZATION_LEVEL = 0;
				GCC_PREPROCESSOR_DEFINITIONS = (
					"DEBUG=1",
					"$(inherited)",
				);
				GCC_WARN_64_TO_32_BIT_CONVERSION = YES;
				GCC_WARN_ABOUT_RETURN_TYPE = YES_ERROR;
				GCC_WARN_UNDECLARED_SELECTOR = YES;
				GCC_WARN_UNINITIALIZED_AUTOS = YES_AGGRESSIVE;
				GCC_WARN_UNUSED_FUNCTION = YES;
				GCC_WARN_UNUSED_VARIABLE = YES;
				IPHONEOS_DEPLOYMENT_TARGET = 17.0;
				LOCALIZATION_PREFERS_STRING_CATALOGS = YES;
				MTL_ENABLE_DEBUG_INFO = INCLUDE_SOURCE;
				MTL_FAST_MATH = YES;
				ONLY_ACTIVE_ARCH = YES;
				SDKROOT = iphoneos;
				SWIFT_ACTIVE_COMPILATION_CONDITIONS = "DEBUG $(inherited)";
				SWIFT_OPTIMIZATION_LEVEL = "-Onone";
			};
			name = Debug;
		};
		6A000A020000000000000001 /* Release */ = {
			isa = XCBuildConfiguration;
			buildSettings = {
				ALWAYS_SEARCH_USER_PATHS = NO;
				CLANG_ANALYZER_NONNULL = YES;
				CLANG_ANALYZER_NUMBER_OBJECT_CONVERSION = YES_AGGRESSIVE;
				CLANG_CXX_LANGUAGE_STANDARD = "gnu++20";
				CLANG_ENABLE_MODULES = YES;
				CLANG_ENABLE_OBJC_ARC = YES;
				CLANG_WARN_BLOCK_CAPTURE_AUTORELEASING = YES;
				CLANG_WARN_BOOL_CONVERSION = YES;
				CLANG_WARN_COMMA = YES;
				CLANG_WARN_CONSTANT_CONVERSION = YES;
				CLANG_WARN_DEPRECATED_OBJC_IMPLEMENTATIONS = YES;
				CLANG_WARN_DIRECT_OBJC_ISA_USAGE = YES_ERROR;
				CLANG_WARN_DOCUMENTATION_COMMENTS = YES;
				CLANG_WARN_EMPTY_BODY = YES;
				CLANG_WARN_ENUM_CONVERSION = YES;
				CLANG_WARN_INFINITE_RECURSION = YES;
				CLANG_WARN_INT_CONVERSION = YES;
				CLANG_WARN_NON_LITERAL_NULL_CONVERSION = YES;
				CLANG_WARN_OBJC_IMPLICIT_RETAIN_SELF = YES;
				CLANG_WARN_OBJC_LITERAL_CONVERSION = YES;
				CLANG_WARN_OBJC_ROOT_CLASS = YES_ERROR;
				CLANG_WARN_QUOTED_INCLUDE_IN_FRAMEWORK_HEADER = YES;
				CLANG_WARN_RANGE_LOOP_ANALYSIS = YES;
				CLANG_WARN_STRICT_PROTOTYPES = YES;
				CLANG_WARN_SUSPICIOUS_MOVE = YES;
				CLANG_WARN_UNGUARDED_AVAILABILITY = YES_AGGRESSIVE;
				CLANG_WARN_UNREACHABLE_CODE = YES;
				COPY_PHASE_STRIP = NO;
				DEBUG_INFORMATION_FORMAT = "dwarf-with-dsym";
				ENABLE_NS_ASSERTIONS = NO;
				ENABLE_STRICT_OBJC_MSGSEND = YES;
				ENABLE_USER_SCRIPT_SANDBOXING = YES;
				GCC_C_LANGUAGE_STANDARD = gnu17;
				GCC_NO_COMMON_BLOCKS = YES;
				GCC_WARN_64_TO_32_BIT_CONVERSION = YES;
				GCC_WARN_ABOUT_RETURN_TYPE = YES_ERROR;
				GCC_WARN_UNDECLARED_SELECTOR = YES;
				GCC_WARN_UNINITIALIZED_AUTOS = YES_AGGRESSIVE;
				GCC_WARN_UNUSED_FUNCTION = YES;
				GCC_WARN_UNUSED_VARIABLE = YES;
				IPHONEOS_DEPLOYMENT_TARGET = 17.0;
				LOCALIZATION_PREFERS_STRING_CATALOGS = YES;
				MTL_ENABLE_DEBUG_INFO = NO;
				MTL_FAST_MATH = YES;
				SDKROOT = iphoneos;
				SWIFT_COMPILATION_MODE = wholemodule;
				VALIDATE_PRODUCT = YES;
			};
			name = Release;
		};
		6A000A030000000000000001 /* Debug */ = {
			isa = XCBuildConfiguration;
			buildSettings = {
				ASSETCATALOG_COMPILER_GLOBAL_ACCENT_COLOR_NAME = AccentColor;
				CODE_SIGNING_ALLOWED = NO;
				CODE_SIGN_STYLE = Automatic;
				CURRENT_PROJECT_VERSION = 1;
				DEVELOPMENT_ASSET_PATHS = "";
				DEVELOPMENT_TEAM = "";
				GENERATE_INFOPLIST_FILE = NO;
				INFOPLIST_FILE = CunxunNative/Info.plist;
				INFOPLIST_KEY_CFBundleDisplayName = "村寻";
				IPHONEOS_DEPLOYMENT_TARGET = 17.0;
				LD_RUNPATH_SEARCH_PATHS = (
					"$(inherited)",
					"@executable_path/Frameworks",
				);
				MARKETING_VERSION = 1.0;
				PRODUCT_BUNDLE_IDENTIFIER = com.cunxun.native;
				PRODUCT_NAME = "$(TARGET_NAME)";
				SUPPORTED_PLATFORMS = "iphoneos iphonesimulator";
				SUPPORTS_MACCATALYST = NO;
				SUPPORTS_MAC_DESIGNED_FOR_IPHONE_IPAD = NO;
				SWIFT_EMIT_LOC_STRINGS = YES;
				SWIFT_VERSION = 6.0;
				TARGETED_DEVICE_FAMILY = 1;
			};
			name = Debug;
		};
		6A000A040000000000000001 /* Release */ = {
			isa = XCBuildConfiguration;
			buildSettings = {
				ASSETCATALOG_COMPILER_GLOBAL_ACCENT_COLOR_NAME = AccentColor;
				CODE_SIGNING_ALLOWED = NO;
				CODE_SIGN_STYLE = Automatic;
				CURRENT_PROJECT_VERSION = 1;
				DEVELOPMENT_ASSET_PATHS = "";
				DEVELOPMENT_TEAM = "";
				GENERATE_INFOPLIST_FILE = NO;
				INFOPLIST_FILE = CunxunNative/Info.plist;
				INFOPLIST_KEY_CFBundleDisplayName = "村寻";
				IPHONEOS_DEPLOYMENT_TARGET = 17.0;
				LD_RUNPATH_SEARCH_PATHS = (
					"$(inherited)",
					"@executable_path/Frameworks",
				);
				MARKETING_VERSION = 1.0;
				PRODUCT_BUNDLE_IDENTIFIER = com.cunxun.native;
				PRODUCT_NAME = "$(TARGET_NAME)";
				SUPPORTED_PLATFORMS = "iphoneos iphonesimulator";
				SUPPORTS_MACCATALYST = NO;
				SUPPORTS_MAC_DESIGNED_FOR_IPHONE_IPAD = NO;
				SWIFT_EMIT_LOC_STRINGS = YES;
				SWIFT_VERSION = 6.0;
				TARGETED_DEVICE_FAMILY = 1;
			};
			name = Release;
		};
		6A000A050000000000000001 /* Debug */ = {
			isa = XCBuildConfiguration;
			buildSettings = {
				BUNDLE_LOADER = "$(TEST_HOST)";
				CODE_SIGNING_ALLOWED = NO;
				CODE_SIGN_STYLE = Automatic;
				CURRENT_PROJECT_VERSION = 1;
				GENERATE_INFOPLIST_FILE = YES;
				IPHONEOS_DEPLOYMENT_TARGET = 17.0;
				LD_RUNPATH_SEARCH_PATHS = (
					"$(inherited)",
					"@executable_path/Frameworks",
					"@loader_path/Frameworks",
				);
				MARKETING_VERSION = 1.0;
				PRODUCT_BUNDLE_IDENTIFIER = com.cunxun.native.tests;
				PRODUCT_NAME = "$(TARGET_NAME)";
				SUPPORTED_PLATFORMS = "iphoneos iphonesimulator";
				SWIFT_VERSION = 6.0;
				TARGETED_DEVICE_FAMILY = 1;
				TEST_HOST = "$(BUILT_PRODUCTS_DIR)/CunxunNative.app/$(BUNDLE_EXECUTABLE_FOLDER_PATH)/CunxunNative";
			};
			name = Debug;
		};
		6A000A060000000000000001 /* Release */ = {
			isa = XCBuildConfiguration;
			buildSettings = {
				BUNDLE_LOADER = "$(TEST_HOST)";
				CODE_SIGNING_ALLOWED = NO;
				CODE_SIGN_STYLE = Automatic;
				CURRENT_PROJECT_VERSION = 1;
				GENERATE_INFOPLIST_FILE = YES;
				IPHONEOS_DEPLOYMENT_TARGET = 17.0;
				LD_RUNPATH_SEARCH_PATHS = (
					"$(inherited)",
					"@executable_path/Frameworks",
					"@loader_path/Frameworks",
				);
				MARKETING_VERSION = 1.0;
				PRODUCT_BUNDLE_IDENTIFIER = com.cunxun.native.tests;
				PRODUCT_NAME = "$(TARGET_NAME)";
				SUPPORTED_PLATFORMS = "iphoneos iphonesimulator";
				SWIFT_VERSION = 6.0;
				TARGETED_DEVICE_FAMILY = 1;
				TEST_HOST = "$(BUILT_PRODUCTS_DIR)/CunxunNative.app/$(BUNDLE_EXECUTABLE_FOLDER_PATH)/CunxunNative";
			};
			name = Release;
		};
/* End XCBuildConfiguration section */

/* Begin XCConfigurationList section */
		6A0007000000000000000001 /* Build configuration list for PBXProject "CunxunNative" */ = {
			isa = XCConfigurationList;
			buildConfigurations = (
				6A000A010000000000000001 /* Debug */,
				6A000A020000000000000001 /* Release */,
			);
			defaultConfigurationIsVisible = 0;
			defaultConfigurationName = Release;
		};
		6A0007010000000000000001 /* Build configuration list for PBXNativeTarget "CunxunNative" */ = {
			isa = XCConfigurationList;
			buildConfigurations = (
				6A000A030000000000000001 /* Debug */,
				6A000A040000000000000001 /* Release */,
			);
			defaultConfigurationIsVisible = 0;
			defaultConfigurationName = Release;
		};
		6A0007020000000000000001 /* Build configuration list for PBXNativeTarget "CunxunNativeTests" */ = {
			isa = XCConfigurationList;
			buildConfigurations = (
				6A000A050000000000000001 /* Debug */,
				6A000A060000000000000001 /* Release */,
			);
			defaultConfigurationIsVisible = 0;
			defaultConfigurationName = Release;
		};
/* End XCConfigurationList section */
	};
	rootObject = 6A0003010000000000000001 /* Project object */;
}
